<?xml version="1.0" encoding="utf-8"?>
<Project ToolsVersion="4.0" xmlns="http://schemas.microsoft.com/developer/msbuild/2003">
  <ItemGroup>
    <Filter Include="Source Files">
      <UniqueIdentifier>{4FC737F1-C7A5-4376-A066-2A32D752A2FF}</UniqueIdentifier>
      <Extensions>cpp;c;cc;cxx;def;odl;idl;hpj;bat;asm;asmx</Extensions>
    </Filter>
    <Filter Include="Header Files">
      <UniqueIdentifier>{93995380-89BD-4b04-88EB-625FBE52EBFB}</UniqueIdentifier>
      <Extensions>h;hh;hpp;hxx;hm;inl;inc;xsd</Extensions>
    </Filter>
    <Filter Include="Resource Files">
      <UniqueIdentifier>{67DA6AB6-F800-4c08-8B7A-83BB121AAD01}</UniqueIdentifier>
      <Extensions>rc;ico;cur;bmp;dlg;rc2;rct;bin;rgs;gif;jpg;jpeg;jpe;resx;tiff;tif;png;wav;mfcribbon-ms</Extensions>
    </Filter>
    <Filter Include="Header Files\Phantom-Engine">
      <UniqueIdentifier>{a4b2060e-0ebf-458a-aa9a-f09f29546afc}</UniqueIdentifier>
    </Filter>
    <Filter Include="Source Files\Phantom-Engine">
      <UniqueIdentifier>{922eb65e-a113-4c91-8ba6-a2c9c7dcf9b3}</UniqueIdentifier>
    </Filter>
    <Filter Include="Resource Files\images">
      <UniqueIdentifier>{b9d27697-d8ee-41a5-9055-6f9b4aba576d}</UniqueIdentifier>
    </Filter>
  </ItemGroup>
  <ItemGroup>
    <ClCompile Include="..\main.cpp">
      <Filter>Source Files</Filter>
    </ClCompile>
    <ClCompile Include="..\..\Phatom-Engine\Phantom.cpp">
      <Filter>Source Files\Phantom-Engine</Filter>
    </ClCompile>
    <ClCompile Include="..\..\Phatom-Engine\SystemRequirements.cpp">
      <Filter>Source Files\Phantom-Engine</Filter>
    </ClCompile>
    <ClCompile Include="..\..\Phatom-Engine\GameObject.cpp">
      <Filter>Source Files\Phantom-Engine</Filter>
    </ClCompile>
    <ClCompile Include="..\SplashScreen.cpp">
      <Filter>Source Files</Filter>
    </ClCompile>
  </ItemGroup>
  <ItemGroup>
    <ClInclude Include="..\..\Phatom-Engine\Phantom.h">
      <Filter>Header Files\Phantom-Engine</Filter>
    </ClInclude>
    <ClInclude Include="..\..\Phatom-Engine\SystemRequirements.h">
      <Filter>Header Files\Phantom-Engine</Filter>
    </ClInclude>
    <ClInclude Include="..\..\Phatom-Engine\GameObject.h">
      <Filter>Header Files\Phantom-Engine</Filter>
    </ClInclude>
    <ClInclude Include="..\SplashScreen.h">
      <Filter>Header Files</Filter>
    </ClInclude>
  </ItemGroup>
  <ItemGroup>
    <Image Include="..\..\..\Assets\images\Avengers_Logo.jpg">
      <Filter>Resource Files\images</Filter>
    </Image>
  </ItemGroup>
</Project>