<?xml version="1.0" encoding="utf-8"?>
<Project ToolsVersion="4.0" xmlns="http://schemas.microsoft.com/developer/msbuild/2003">
  <ItemGroup>
    <Filter Include="Source Files">
      <UniqueIdentifier>{4FC737F1-C7A5-4376-A066-2A32D752A2FF}</UniqueIdentifier>
      <Extensions>cpp;c;cc;cxx;def;odl;idl;hpj;bat;asm;asmx</Extensions>
    </Filter>
    <Filter Include="Header Files">
      <UniqueIdentifier>{93995380-89BD-4b04-88EB-625FBE52EBFB}</UniqueIdentifier>
      <Extensions>h;hh;hpp;hxx;hm;inl;inc;xsd</Extensions>
    </Filter>
    <Filter Include="Resource Files">
      <UniqueIdentifier>{67DA6AB6-F800-4c08-8B7A-83BB121AAD01}</UniqueIdentifier>
      <Extensions>rc;ico;cur;bmp;dlg;rc2;rct;bin;rgs;gif;jpg;jpeg;jpe;resx;tiff;tif;png;wav;mfcribbon-ms</Extensions>
    </Filter>
    <Filter Include="Resource Files\images">
      <UniqueIdentifier>{b9d27697-d8ee-41a5-9055-6f9b4aba576d}</UniqueIdentifier>
    </Filter>
    <Filter Include="Phantom-Engine">
      <UniqueIdentifier>{98e44a3a-7fd2-4d99-920a-a0723dec576a}</UniqueIdentifier>
    </Filter>
  </ItemGroup>
  <ItemGroup>
    <ClCompile Include="..\main.cpp">
      <Filter>Source Files</Filter>
    </ClCompile>
    <ClCompile Include="..\Application.cpp">
      <Filter>Source Files</Filter>
    </ClCompile>
    <ClCompile Include="..\PlayerController.cpp">
      <Filter>Source Files</Filter>
    </ClCompile>
    <ClCompile Include="..\SplashScreen2.cpp">
      <Filter>Source Files</Filter>
    </ClCompile>
    <ClCompile Include="..\TitleScreen.cpp">
      <Filter>Source Files</Filter>
    </ClCompile>
    <ClCompile Include="..\MenuManager.cpp">
      <Filter>Source Files</Filter>
    </ClCompile>
    <ClCompile Include="..\LevelScreen.cpp">
      <Filter>Source Files</Filter>
    </ClCompile>
    <ClCompile Include="..\..\Phatom-Engine\Animation.cpp">
      <Filter>Phantom-Engine</Filter>
    </ClCompile>
    <ClCompile Include="..\..\Phatom-Engine\BaseComponent.cpp">
      <Filter>Phantom-Engine</Filter>
    </ClCompile>
    <ClCompile Include="..\..\Phatom-Engine\FadeAnimation.cpp">
      <Filter>Phantom-Engine</Filter>
    </ClCompile>
    <ClCompile Include="..\..\Phatom-Engine\FileManager.cpp">
      <Filter>Phantom-Engine</Filter>
    </ClCompile>
    <ClCompile Include="..\..\Phatom-Engine\GameObject.cpp">
      <Filter>Phantom-Engine</Filter>
    </ClCompile>
    <ClCompile Include="..\..\Phatom-Engine\GameObjectManager.cpp">
      <Filter>Phantom-Engine</Filter>
    </ClCompile>
    <ClCompile Include="..\..\Phatom-Engine\GameScreen.cpp">
      <Filter>Phantom-Engine</Filter>
    </ClCompile>
    <ClCompile Include="..\..\Phatom-Engine\InputManager.cpp">
      <Filter>Phantom-Engine</Filter>
    </ClCompile>
    <ClCompile Include="..\..\Phatom-Engine\Matrices.cpp">
      <Filter>Phantom-Engine</Filter>
    </ClCompile>
    <ClCompile Include="..\..\Phatom-Engine\Phantom.cpp">
      <Filter>Phantom-Engine</Filter>
    </ClCompile>
    <ClCompile Include="..\..\Phatom-Engine\PhysicsManager.cpp">
      <Filter>Phantom-Engine</Filter>
    </ClCompile>
    <ClCompile Include="..\..\Phatom-Engine\Rigidbody2DComponent.cpp">
      <Filter>Phantom-Engine</Filter>
    </ClCompile>
    <ClCompile Include="..\..\Phatom-Engine\SceneLoader.cpp">
      <Filter>Phantom-Engine</Filter>
    </ClCompile>
    <ClCompile Include="..\..\Phatom-Engine\ScreenManager.cpp">
      <Filter>Phantom-Engine</Filter>
    </ClCompile>
    <ClCompile Include="..\..\Phatom-Engine\ScriptComponent.cpp">
      <Filter>Phantom-Engine</Filter>
    </ClCompile>
    <ClCompile Include="..\SplashScreen.cpp">
      <Filter>Phantom-Engine</Filter>
    </ClCompile>
    <ClCompile Include="..\..\Phatom-Engine\SpriteRenderComponent.cpp">
      <Filter>Phantom-Engine</Filter>
    </ClCompile>
    <ClCompile Include="..\..\Phatom-Engine\SystemRequirements.cpp">
      <Filter>Phantom-Engine</Filter>
    </ClCompile>
    <ClCompile Include="..\..\Phatom-Engine\TransformComponent.cpp">
      <Filter>Phantom-Engine</Filter>
    </ClCompile>
  </ItemGroup>
  <ItemGroup>
    <ClInclude Include="..\Application.h">
      <Filter>Header Files</Filter>
    </ClInclude>
    <ClInclude Include="..\..\Phatom-Engine\LevelScreen.h">
      <Filter>Header Files</Filter>
    </ClInclude>
    <ClInclude Include="..\..\Phatom-Engine\MenuManager.h">
      <Filter>Header Files</Filter>
    </ClInclude>
    <ClInclude Include="..\PlayerController.h">
      <Filter>Header Files</Filter>
    </ClInclude>
    <ClInclude Include="..\TitleScreen.h">
      <Filter>Header Files</Filter>
    </ClInclude>
    <ClInclude Include="..\SplashScreen2.h">
      <Filter>Header Files</Filter>
    </ClInclude>
    <ClInclude Include="..\..\Phatom-Engine\Animation.h">
      <Filter>Phantom-Engine</Filter>
    </ClInclude>
    <ClInclude Include="..\..\Phatom-Engine\BaseComponent.h">
      <Filter>Phantom-Engine</Filter>
    </ClInclude>
    <ClInclude Include="..\..\Phatom-Engine\ComponentTypes.h">
      <Filter>Phantom-Engine</Filter>
    </ClInclude>
    <ClInclude Include="..\..\Phatom-Engine\FadeAnimation.h">
      <Filter>Phantom-Engine</Filter>
    </ClInclude>
    <ClInclude Include="..\..\Phatom-Engine\FileManager.h">
      <Filter>Phantom-Engine</Filter>
    </ClInclude>
    <ClInclude Include="..\..\Phatom-Engine\GameObject.h">
      <Filter>Phantom-Engine</Filter>
    </ClInclude>
    <ClInclude Include="..\..\Phatom-Engine\GameObjectManager.h">
      <Filter>Phantom-Engine</Filter>
    </ClInclude>
    <ClInclude Include="..\..\Phatom-Engine\GameScreen.h">
      <Filter>Phantom-Engine</Filter>
    </ClInclude>
    <ClInclude Include="..\..\Phatom-Engine\InputManager.h">
      <Filter>Phantom-Engine</Filter>
    </ClInclude>
    <ClInclude Include="..\..\Phatom-Engine\Matrices.h">
      <Filter>Phantom-Engine</Filter>
    </ClInclude>
    <ClInclude Include="..\..\Phatom-Engine\Phantom.h">
      <Filter>Phantom-Engine</Filter>
    </ClInclude>
    <ClInclude Include="..\..\Phatom-Engine\PhysicsManager.h">
      <Filter>Phantom-Engine</Filter>
    </ClInclude>
    <ClInclude Include="..\..\Phatom-Engine\Rigidbody2DComponent.h">
      <Filter>Phantom-Engine</Filter>
    </ClInclude>
    <ClInclude Include="..\..\Phatom-Engine\SceneLoader.h">
      <Filter>Phantom-Engine</Filter>
    </ClInclude>
    <ClInclude Include="..\..\Phatom-Engine\ScreenManager.h">
      <Filter>Phantom-Engine</Filter>
    </ClInclude>
    <ClInclude Include="..\..\Phatom-Engine\ScriptComponent.h">
      <Filter>Phantom-Engine</Filter>
    </ClInclude>
    <ClInclude Include="..\SplashScreen.h">
      <Filter>Phantom-Engine</Filter>
    </ClInclude>
    <ClInclude Include="..\..\Phatom-Engine\SpriteRenderComponent.h">
      <Filter>Phantom-Engine</Filter>
    </ClInclude>
    <ClInclude Include="..\..\Phatom-Engine\SystemRequirements.h">
      <Filter>Phantom-Engine</Filter>
    </ClInclude>
    <ClInclude Include="..\..\Phatom-Engine\TransformComponent.h">
      <Filter>Phantom-Engine</Filter>
    </ClInclude>
    <ClInclude Include="..\..\Phatom-Engine\Vectors.h">
      <Filter>Phantom-Engine</Filter>
    </ClInclude>
  </ItemGroup>
  <ItemGroup>
    <Image Include="..\..\..\Assets\images\Avengers_Logo_00.png">
      <Filter>Resource Files\images</Filter>
    </Image>
  </ItemGroup>
</Project>